
Microsoft Visual Studio Solution File, Format Version 12.00
# Visual Studio Version 16
VisualStudioVersion = 16.0.30204.135
MinimumVisualStudioVersion = 10.0.40219.1
Project("{FAE04EC0-301F-11D3-BF4B-00C04F79EFBC}") = "Primes", "Primes\Primes.csproj", "{21CC2F68-1890-4571-B1C7-A95C15F17FA6}"
EndProject
Global
	GlobalSection(SolutionConfigurationPlatforms) = preSolution
		Debug|Any CPU = Debug|Any CPU
		Release|Any CPU = Release|Any CPU
	EndGlobalSection
	GlobalSection(ProjectConfigurationPlatforms) = postSolution
		{21CC2F68-1890-4571-B1C7-A95C15F17FA6}.Debug|Any CPU.ActiveCfg = Debug|Any CPU
		{21CC2F68-1890-4571-B1C7-A95C15F17FA6}.Debug|Any CPU.Build.0 = Debug|Any CPU
		{21CC2F68-1890-4571-B1C7-A95C15F17FA6}.Release|Any CPU.ActiveCfg = Release|Any CPU
		{21CC2F68-1890-4571-B1C7-A95C15F17FA6}.Release|Any CPU.Build.0 = Release|Any CPU
	EndGlobalSection
	GlobalSection(SolutionProperties) = preSolution
		HideSolutionNode = FALSE
	EndGlobalSection
	GlobalSection(ExtensibilityGlobals) = postSolution
		SolutionGuid = {3ADF5454-DFC3-4205-A72F-BCD14EC51F0A}
	EndGlobalSection
EndGlobal
